
Microsoft Visual Studio Solution File, Format Version 12.00
# Visual Studio Version 17
VisualStudioVersion = 17.5.002.0
MinimumVisualStudioVersion = 10.0.40219.1
Project("{9A19103F-16F7-4668-BE54-9A1E7A4F7556}") = "Promocoes.Application.Output", "Promocoes.Application.Output.csproj", "{807A0A2E-DAC3-491A-A77E-FC397D6B228A}"
EndProject
Global
	GlobalSection(SolutionConfigurationPlatforms) = preSolution
		Debug|Any CPU = Debug|Any CPU
		Release|Any CPU = Release|Any CPU
	EndGlobalSection
	GlobalSection(ProjectConfigurationPlatforms) = postSolution
		{807A0A2E-DAC3-491A-A77E-FC397D6B228A}.Debug|Any CPU.ActiveCfg = Debug|Any CPU
		{807A0A2E-DAC3-491A-A77E-FC397D6B228A}.Debug|Any CPU.Build.0 = Debug|Any CPU
		{807A0A2E-DAC3-491A-A77E-FC397D6B228A}.Release|Any CPU.ActiveCfg = Release|Any CPU
		{807A0A2E-DAC3-491A-A77E-FC397D6B228A}.Release|Any CPU.Build.0 = Release|Any CPU
	EndGlobalSection
	GlobalSection(SolutionProperties) = preSolution
		HideSolutionNode = FALSE
	EndGlobalSection
	GlobalSection(ExtensibilityGlobals) = postSolution
		SolutionGuid = {098A452C-1390-4C8D-867A-2DB10A2D6C6A}
	EndGlobalSection
EndGlobal
